<?xml version="1.0" encoding="utf-8"?>
<Project ToolsVersion="4.0" xmlns="http://schemas.microsoft.com/developer/msbuild/2003">
  <ItemGroup>
    <Filter Include="Board">
      <UniqueIdentifier>{5eaa615d-c0c9-4034-bd8b-b87853f3eed6}</UniqueIdentifier>
    </Filter>
    <Filter Include="Card">
      <UniqueIdentifier>{cc553653-7e15-4a70-9932-48086d550043}</UniqueIdentifier>
    </Filter>
    <Filter Include="Display">
      <UniqueIdentifier>{f92150a9-2cd6-447c-8523-d92420ec5589}</UniqueIdentifier>
    </Filter>
    <Filter Include="Exit">
      <UniqueIdentifier>{09d3b34b-4cb8-4d33-bd52-e6fa139c122a}</UniqueIdentifier>
    </Filter>
    <Filter Include="Garbage">
      <UniqueIdentifier>{cda0e0f3-bfcb-4a18-9309-57a1a0685206}</UniqueIdentifier>
    </Filter>
    <Filter Include="Deck">
      <UniqueIdentifier>{b2c59719-98fb-4aae-af96-8acffd7b0a39}</UniqueIdentifier>
    </Filter>
    <Filter Include="Command">
      <UniqueIdentifier>{9687e4ae-c7af-4828-8ed6-69acde7191ec}</UniqueIdentifier>
    </Filter>
    <Filter Include="GetCardFrom">
      <UniqueIdentifier>{e5af8689-e1dc-4bcd-8046-50f5b6a94fe9}</UniqueIdentifier>
    </Filter>
    <Filter Include="Common">
      <UniqueIdentifier>{9dfd3683-2e59-4ad6-a3f1-fc847280fd18}</UniqueIdentifier>
    </Filter>
    <Filter Include="Player">
      <UniqueIdentifier>{bed127ca-5f13-4034-95b7-a4a55ac3a7b8}</UniqueIdentifier>
    </Filter>
  </ItemGroup>
  <ItemGroup>
    <ClCompile Include="BE/Components/Board/Board.cpp">
      <Filter>Board</Filter>
    </ClCompile>
    <ClCompile Include="BE/Components/Card/Card.cpp">
      <Filter>Card</Filter>
    </ClCompile>
    <ClCompile Include="BE/Components/Deck/Deck.cpp">
      <Filter>Deck</Filter>
    </ClCompile>
    <ClCompile Include="BE/Components/Garbage/Garbage.cpp">
      <Filter>Garbage</Filter>
    </ClCompile>
    <ClCompile Include="BE/Components/Command/Command.cpp">
      <Filter>Command</Filter>
    </ClCompile>
    <ClCompile Include="BE/Components/Display/Display.cpp">
      <Filter>Display</Filter>
    </ClCompile>
    <ClCompile Include="BE/Components/Exit/Exit.cpp">
      <Filter>Exit</Filter>
    </ClCompile>
    <ClCompile Include="BE/Components/GetCardFrom/GetCardFrom.cpp">
      <Filter>GetCardFrom</Filter>
    </ClCompile>
    <ClCompile Include="BE/Components/GetCardFrom/Sub/GetCardFromDeck/GetCardFromDeck.cpp">
      <Filter>GetCardFrom</Filter>
    </ClCompile>
    <ClCompile Include="BE/Components/GetCardFrom/Sub/GetCardFromGarbage/GetCardFromGarbage.cpp">
      <Filter>GetCardFrom</Filter>
    </ClCompile>
    <ClCompile Include="BE/Common/Helper.cpp">
      <Filter>Common</Filter>
    </ClCompile>
    <ClCompile Include="BE/Components/Player/Player.cpp">
      <Filter>Player</Filter>
    </ClCompile>
    <ClCompile Include="BE/Common/Print.cpp">
      <Filter>Common</Filter>
    </ClCompile>
    <ClCompile Include="BE/Common/Tests.cpp">
      <Filter>Common</Filter>
    </ClCompile>
    <ClCompile Include="../FiveCards/FiveCards.cpp" />
  </ItemGroup>
  <ItemGroup>
    <ClInclude Include="BE/Components/Board/Board.h">
      <Filter>Board</Filter>
    </ClInclude>
    <ClInclude Include="BE/Components/Card/Card.h">
      <Filter>Card</Filter>
    </ClInclude>
    <ClInclude Include="BE/Components/Card/CardEnums.h">
      <Filter>Card</Filter>
    </ClInclude>
    <ClInclude Include="BE/Components/Deck/Deck.h">
      <Filter>Deck</Filter>
    </ClInclude>
    <ClInclude Include="BE/Components/Garbage/Garbage.h">
      <Filter>Garbage</Filter>
    </ClInclude>
    <ClInclude Include="BE/Components/Command/Command.h">
      <Filter>Command</Filter>
    </ClInclude>
    <ClInclude Include="BE/Components/Display/Display.h">
      <Filter>Display</Filter>
    </ClInclude>
    <ClInclude Include="BE/Components/Exit/Exit.h">
      <Filter>Exit</Filter>
    </ClInclude>
    <ClInclude Include="BE/Components/GetCardFrom/GetCardFrom.h">
      <Filter>GetCardFrom</Filter>
    </ClInclude>
    <ClInclude Include="BE/Components/GetCardFrom/Sub/GetCardFromDeck/GetCardFromDeck.h">
      <Filter>GetCardFrom</Filter>
    </ClInclude>
    <ClInclude Include="BE/Components/GetCardFrom/Sub/GetCardFromGarbage/GetCardFromGarbage.h">
      <Filter>GetCardFrom</Filter>
    </ClInclude>
    <ClInclude Include="BE/Common/Helper.h">
      <Filter>Common</Filter>
    </ClInclude>
    <ClInclude Include="BE/Components/Player/Player.h">
      <Filter>Player</Filter>
    </ClInclude>
    <ClInclude Include="BE/Common/Structs.h">
      <Filter>Common</Filter>
    </ClInclude>
    <ClInclude Include="BE/Common/Tests.h">
      <Filter>Common</Filter>
    </ClInclude>
  </ItemGroup>
  <ItemGroup>
    <Text Include="BE/Components/Board/Board.txt">
      <Filter>Board</Filter>
    </Text>
  </ItemGroup>
</Project>