
Microsoft Visual Studio Solution File, Format Version 12.00
# Visual Studio Version 16
VisualStudioVersion = 16.0.33927.289
MinimumVisualStudioVersion = 10.0.40219.1
Project("{FAE04EC0-301F-11D3-BF4B-00C04F79EFBC}") = "FiveCardsWeb", "FiveCardsWeb.csproj", "{E0C52719-59EE-43D5-8DD6-F70E85F745C0}"
EndProject
Global
	GlobalSection(SolutionConfigurationPlatforms) = preSolution
		Debug|Any CPU = Debug|Any CPU
		Release|Any CPU = Release|Any CPU
	EndGlobalSection
	GlobalSection(ProjectConfigurationPlatforms) = postSolution
		{E0C52719-59EE-43D5-8DD6-F70E85F745C0}.Debug|Any CPU.ActiveCfg = Debug|Any CPU
		{E0C52719-59EE-43D5-8DD6-F70E85F745C0}.Debug|Any CPU.Build.0 = Debug|Any CPU
		{E0C52719-59EE-43D5-8DD6-F70E85F745C0}.Release|Any CPU.ActiveCfg = Release|Any CPU
		{E0C52719-59EE-43D5-8DD6-F70E85F745C0}.Release|Any CPU.Build.0 = Release|Any CPU
	EndGlobalSection
	GlobalSection(SolutionProperties) = preSolution
		HideSolutionNode = FALSE
	EndGlobalSection
	GlobalSection(ExtensibilityGlobals) = postSolution
		SolutionGuid = {186BA687-8194-4FD4-AA52-04D90CC584BE}
	EndGlobalSection
EndGlobal
